
Microsoft Visual Studio Solution File, Format Version 12.00
# Visual Studio Version 16
VisualStudioVersion = 16.0.30804.86
MinimumVisualStudioVersion = 10.0.40219.1
Project("{8BC9CEB8-8B4A-11D0-8D11-00A0C91BC942}") = "CH7", "CH7.vcxproj", "{0CBFBC67-7875-43E0-92FC-FAA4F9268BDC}"
EndProject
Project("{8BC9CEB8-8B4A-11D0-8D11-00A0C91BC942}") = "CH7_1", "CH7_1\CH7_1.vcxproj", "{CB86F3D5-2CAE-4787-9A37-97C4049536B6}"
EndProject
Project("{8BC9CEB8-8B4A-11D0-8D11-00A0C91BC942}") = "CH7_2to3", "CH7_2to4\CH7_2to4.vcxproj", "{14C8ACB1-935C-4559-934F-122C5559947C}"
EndProject
Project("{8BC9CEB8-8B4A-11D0-8D11-00A0C91BC942}") = "CH7_4", "CH7_4\CH7_4.vcxproj", "{44372BE8-8AAF-4C98-AB87-1FE1D6879487}"
EndProject
Project("{8BC9CEB8-8B4A-11D0-8D11-00A0C91BC942}") = "CH7_5", "CH7_5\CH7_5.vcxproj", "{75240F6D-5F41-4F43-8750-90C8290750B8}"
EndProject
Project("{8BC9CEB8-8B4A-11D0-8D11-00A0C91BC942}") = "CH7_6", "CH7_6\CH7_6.vcxproj", "{39B5E260-7FF9-4DF7-994E-98E190A493F6}"
EndProject
Project("{8BC9CEB8-8B4A-11D0-8D11-00A0C91BC942}") = "CH7_7", "CH7_7\CH7_7.vcxproj", "{CFA814C3-66B3-476F-9686-38178B7A39D7}"
EndProject
Project("{8BC9CEB8-8B4A-11D0-8D11-00A0C91BC942}") = "CH7_8", "CH7_8\CH7_8.vcxproj", "{C96648C3-8D49-490A-BA83-6CAB65005F0E}"
EndProject
Project("{8BC9CEB8-8B4A-11D0-8D11-00A0C91BC942}") = "CH7_9", "CH7_9\CH7_9.vcxproj", "{EEEE1423-256D-46AF-8BB1-FA8A96FFB5DB}"
EndProject
Project("{8BC9CEB8-8B4A-11D0-8D11-00A0C91BC942}") = "CH7_10", "CH7_10\CH7_10.vcxproj", "{F4935BEA-CD43-406A-BE0B-A8BB5A93B9C8}"
EndProject
Project("{8BC9CEB8-8B4A-11D0-8D11-00A0C91BC942}") = "CH7_11", "CH7_11\CH7_11.vcxproj", "{638C1792-7ABD-4DE1-80BD-7C5E4AB98021}"
EndProject
Project("{8BC9CEB8-8B4A-11D0-8D11-00A0C91BC942}") = "CH7_12", "CH7_12\CH7_12.vcxproj", "{9EFA2D55-DF45-4436-9E8B-983977F8166C}"
EndProject
Project("{8BC9CEB8-8B4A-11D0-8D11-00A0C91BC942}") = "CH7_13", "CH7_13\CH7_13.vcxproj", "{36086A90-9335-4B7E-893E-A2DEB8AF06B0}"
EndProject
Project("{8BC9CEB8-8B4A-11D0-8D11-00A0C91BC942}") = "CH_14", "CH_14\CH_14.vcxproj", "{6716DF73-E4DE-41F0-A6E1-7A5E63132459}"
EndProject
Project("{8BC9CEB8-8B4A-11D0-8D11-00A0C91BC942}") = "CH7_15", "CH7_15\CH7_15.vcxproj", "{D258AB44-4B1A-49FE-86B4-388ADDB0512C}"
EndProject
Global
	GlobalSection(SolutionConfigurationPlatforms) = preSolution
		Debug|x64 = Debug|x64
		Debug|x86 = Debug|x86
		Release|x64 = Release|x64
		Release|x86 = Release|x86
	EndGlobalSection
	GlobalSection(ProjectConfigurationPlatforms) = postSolution
		{0CBFBC67-7875-43E0-92FC-FAA4F9268BDC}.Debug|x64.ActiveCfg = Debug|x64
		{0CBFBC67-7875-43E0-92FC-FAA4F9268BDC}.Debug|x64.Build.0 = Debug|x64
		{0CBFBC67-7875-43E0-92FC-FAA4F9268BDC}.Debug|x86.ActiveCfg = Debug|Win32
		{0CBFBC67-7875-43E0-92FC-FAA4F9268BDC}.Debug|x86.Build.0 = Debug|Win32
		{0CBFBC67-7875-43E0-92FC-FAA4F9268BDC}.Release|x64.ActiveCfg = Release|x64
		{0CBFBC67-7875-43E0-92FC-FAA4F9268BDC}.Release|x64.Build.0 = Release|x64
		{0CBFBC67-7875-43E0-92FC-FAA4F9268BDC}.Release|x86.ActiveCfg = Release|Win32
		{0CBFBC67-7875-43E0-92FC-FAA4F9268BDC}.Release|x86.Build.0 = Release|Win32
		{CB86F3D5-2CAE-4787-9A37-97C4049536B6}.Debug|x64.ActiveCfg = Debug|x64
		{CB86F3D5-2CAE-4787-9A37-97C4049536B6}.Debug|x64.Build.0 = Debug|x64
		{CB86F3D5-2CAE-4787-9A37-97C4049536B6}.Debug|x86.ActiveCfg = Debug|Win32
		{CB86F3D5-2CAE-4787-9A37-97C4049536B6}.Debug|x86.Build.0 = Debug|Win32
		{CB86F3D5-2CAE-4787-9A37-97C4049536B6}.Release|x64.ActiveCfg = Release|x64
		{CB86F3D5-2CAE-4787-9A37-97C4049536B6}.Release|x64.Build.0 = Release|x64
		{CB86F3D5-2CAE-4787-9A37-97C4049536B6}.Release|x86.ActiveCfg = Release|Win32
		{CB86F3D5-2CAE-4787-9A37-97C4049536B6}.Release|x86.Build.0 = Release|Win32
		{14C8ACB1-935C-4559-934F-122C5559947C}.Debug|x64.ActiveCfg = Debug|x64
		{14C8ACB1-935C-4559-934F-122C5559947C}.Debug|x64.Build.0 = Debug|x64
		{14C8ACB1-935C-4559-934F-122C5559947C}.Debug|x86.ActiveCfg = Debug|Win32
		{14C8ACB1-935C-4559-934F-122C5559947C}.Debug|x86.Build.0 = Debug|Win32
		{14C8ACB1-935C-4559-934F-122C5559947C}.Release|x64.ActiveCfg = Release|x64
		{14C8ACB1-935C-4559-934F-122C5559947C}.Release|x64.Build.0 = Release|x64
		{14C8ACB1-935C-4559-934F-122C5559947C}.Release|x86.ActiveCfg = Release|Win32
		{14C8ACB1-935C-4559-934F-122C5559947C}.Release|x86.Build.0 = Release|Win32
		{44372BE8-8AAF-4C98-AB87-1FE1D6879487}.Debug|x64.ActiveCfg = Debug|x64
		{44372BE8-8AAF-4C98-AB87-1FE1D6879487}.Debug|x64.Build.0 = Debug|x64
		{44372BE8-8AAF-4C98-AB87-1FE1D6879487}.Debug|x86.ActiveCfg = Debug|Win32
		{44372BE8-8AAF-4C98-AB87-1FE1D6879487}.Debug|x86.Build.0 = Debug|Win32
		{44372BE8-8AAF-4C98-AB87-1FE1D6879487}.Release|x64.ActiveCfg = Release|x64
		{44372BE8-8AAF-4C98-AB87-1FE1D6879487}.Release|x64.Build.0 = Release|x64
		{44372BE8-8AAF-4C98-AB87-1FE1D6879487}.Release|x86.ActiveCfg = Release|Win32
		{44372BE8-8AAF-4C98-AB87-1FE1D6879487}.Release|x86.Build.0 = Release|Win32
		{75240F6D-5F41-4F43-8750-90C8290750B8}.Debug|x64.ActiveCfg = Debug|x64
		{75240F6D-5F41-4F43-8750-90C8290750B8}.Debug|x64.Build.0 = Debug|x64
		{75240F6D-5F41-4F43-8750-90C8290750B8}.Debug|x86.ActiveCfg = Debug|Win32
		{75240F6D-5F41-4F43-8750-90C8290750B8}.Debug|x86.Build.0 = Debug|Win32
		{75240F6D-5F41-4F43-8750-90C8290750B8}.Release|x64.ActiveCfg = Release|x64
		{75240F6D-5F41-4F43-8750-90C8290750B8}.Release|x64.Build.0 = Release|x64
		{75240F6D-5F41-4F43-8750-90C8290750B8}.Release|x86.ActiveCfg = Release|Win32
		{75240F6D-5F41-4F43-8750-90C8290750B8}.Release|x86.Build.0 = Release|Win32
		{39B5E260-7FF9-4DF7-994E-98E190A493F6}.Debug|x64.ActiveCfg = Debug|x64
		{39B5E260-7FF9-4DF7-994E-98E190A493F6}.Debug|x64.Build.0 = Debug|x64
		{39B5E260-7FF9-4DF7-994E-98E190A493F6}.Debug|x86.ActiveCfg = Debug|Win32
		{39B5E260-7FF9-4DF7-994E-98E190A493F6}.Debug|x86.Build.0 = Debug|Win32
		{39B5E260-7FF9-4DF7-994E-98E190A493F6}.Release|x64.ActiveCfg = Release|x64
		{39B5E260-7FF9-4DF7-994E-98E190A493F6}.Release|x64.Build.0 = Release|x64
		{39B5E260-7FF9-4DF7-994E-98E190A493F6}.Release|x86.ActiveCfg = Release|Win32
		{39B5E260-7FF9-4DF7-994E-98E190A493F6}.Release|x86.Build.0 = Release|Win32
		{CFA814C3-66B3-476F-9686-38178B7A39D7}.Debug|x64.ActiveCfg = Debug|x64
		{CFA814C3-66B3-476F-9686-38178B7A39D7}.Debug|x64.Build.0 = Debug|x64
		{CFA814C3-66B3-476F-9686-38178B7A39D7}.Debug|x86.ActiveCfg = Debug|Win32
		{CFA814C3-66B3-476F-9686-38178B7A39D7}.Debug|x86.Build.0 = Debug|Win32
		{CFA814C3-66B3-476F-9686-38178B7A39D7}.Release|x64.ActiveCfg = Release|x64
		{CFA814C3-66B3-476F-9686-38178B7A39D7}.Release|x64.Build.0 = Release|x64
		{CFA814C3-66B3-476F-9686-38178B7A39D7}.Release|x86.ActiveCfg = Release|Win32
		{CFA814C3-66B3-476F-9686-38178B7A39D7}.Release|x86.Build.0 = Release|Win32
		{C96648C3-8D49-490A-BA83-6CAB65005F0E}.Debug|x64.ActiveCfg = Debug|x64
		{C96648C3-8D49-490A-BA83-6CAB65005F0E}.Debug|x64.Build.0 = Debug|x64
		{C96648C3-8D49-490A-BA83-6CAB65005F0E}.Debug|x86.ActiveCfg = Debug|Win32
		{C96648C3-8D49-490A-BA83-6CAB65005F0E}.Debug|x86.Build.0 = Debug|Win32
		{C96648C3-8D49-490A-BA83-6CAB65005F0E}.Release|x64.ActiveCfg = Release|x64
		{C96648C3-8D49-490A-BA83-6CAB65005F0E}.Release|x64.Build.0 = Release|x64
		{C96648C3-8D49-490A-BA83-6CAB65005F0E}.Release|x86.ActiveCfg = Release|Win32
		{C96648C3-8D49-490A-BA83-6CAB65005F0E}.Release|x86.Build.0 = Release|Win32
		{EEEE1423-256D-46AF-8BB1-FA8A96FFB5DB}.Debug|x64.ActiveCfg = Debug|x64
		{EEEE1423-256D-46AF-8BB1-FA8A96FFB5DB}.Debug|x64.Build.0 = Debug|x64
		{EEEE1423-256D-46AF-8BB1-FA8A96FFB5DB}.Debug|x86.ActiveCfg = Debug|Win32
		{EEEE1423-256D-46AF-8BB1-FA8A96FFB5DB}.Debug|x86.Build.0 = Debug|Win32
		{EEEE1423-256D-46AF-8BB1-FA8A96FFB5DB}.Release|x64.ActiveCfg = Release|x64
		{EEEE1423-256D-46AF-8BB1-FA8A96FFB5DB}.Release|x64.Build.0 = Release|x64
		{EEEE1423-256D-46AF-8BB1-FA8A96FFB5DB}.Release|x86.ActiveCfg = Release|Win32
		{EEEE1423-256D-46AF-8BB1-FA8A96FFB5DB}.Release|x86.Build.0 = Release|Win32
		{F4935BEA-CD43-406A-BE0B-A8BB5A93B9C8}.Debug|x64.ActiveCfg = Debug|x64
		{F4935BEA-CD43-406A-BE0B-A8BB5A93B9C8}.Debug|x64.Build.0 = Debug|x64
		{F4935BEA-CD43-406A-BE0B-A8BB5A93B9C8}.Debug|x86.ActiveCfg = Debug|Win32
		{F4935BEA-CD43-406A-BE0B-A8BB5A93B9C8}.Debug|x86.Build.0 = Debug|Win32
		{F4935BEA-CD43-406A-BE0B-A8BB5A93B9C8}.Release|x64.ActiveCfg = Release|x64
		{F4935BEA-CD43-406A-BE0B-A8BB5A93B9C8}.Release|x64.Build.0 = Release|x64
		{F4935BEA-CD43-406A-BE0B-A8BB5A93B9C8}.Release|x86.ActiveCfg = Release|Win32
		{F4935BEA-CD43-406A-BE0B-A8BB5A93B9C8}.Release|x86.Build.0 = Release|Win32
		{638C1792-7ABD-4DE1-80BD-7C5E4AB98021}.Debug|x64.ActiveCfg = Debug|x64
		{638C1792-7ABD-4DE1-80BD-7C5E4AB98021}.Debug|x64.Build.0 = Debug|x64
		{638C1792-7ABD-4DE1-80BD-7C5E4AB98021}.Debug|x86.ActiveCfg = Debug|Win32
		{638C1792-7ABD-4DE1-80BD-7C5E4AB98021}.Debug|x86.Build.0 = Debug|Win32
		{638C1792-7ABD-4DE1-80BD-7C5E4AB98021}.Release|x64.ActiveCfg = Release|x64
		{638C1792-7ABD-4DE1-80BD-7C5E4AB98021}.Release|x64.Build.0 = Release|x64
		{638C1792-7ABD-4DE1-80BD-7C5E4AB98021}.Release|x86.ActiveCfg = Release|Win32
		{638C1792-7ABD-4DE1-80BD-7C5E4AB98021}.Release|x86.Build.0 = Release|Win32
		{9EFA2D55-DF45-4436-9E8B-983977F8166C}.Debug|x64.ActiveCfg = Debug|x64
		{9EFA2D55-DF45-4436-9E8B-983977F8166C}.Debug|x64.Build.0 = Debug|x64
		{9EFA2D55-DF45-4436-9E8B-983977F8166C}.Debug|x86.ActiveCfg = Debug|Win32
		{9EFA2D55-DF45-4436-9E8B-983977F8166C}.Debug|x86.Build.0 = Debug|Win32
		{9EFA2D55-DF45-4436-9E8B-983977F8166C}.Release|x64.ActiveCfg = Release|x64
		{9EFA2D55-DF45-4436-9E8B-983977F8166C}.Release|x64.Build.0 = Release|x64
		{9EFA2D55-DF45-4436-9E8B-983977F8166C}.Release|x86.ActiveCfg = Release|Win32
		{9EFA2D55-DF45-4436-9E8B-983977F8166C}.Release|x86.Build.0 = Release|Win32
		{36086A90-9335-4B7E-893E-A2DEB8AF06B0}.Debug|x64.ActiveCfg = Debug|x64
		{36086A90-9335-4B7E-893E-A2DEB8AF06B0}.Debug|x64.Build.0 = Debug|x64
		{36086A90-9335-4B7E-893E-A2DEB8AF06B0}.Debug|x86.ActiveCfg = Debug|Win32
		{36086A90-9335-4B7E-893E-A2DEB8AF06B0}.Debug|x86.Build.0 = Debug|Win32
		{36086A90-9335-4B7E-893E-A2DEB8AF06B0}.Release|x64.ActiveCfg = Release|x64
		{36086A90-9335-4B7E-893E-A2DEB8AF06B0}.Release|x64.Build.0 = Release|x64
		{36086A90-9335-4B7E-893E-A2DEB8AF06B0}.Release|x86.ActiveCfg = Release|Win32
		{36086A90-9335-4B7E-893E-A2DEB8AF06B0}.Release|x86.Build.0 = Release|Win32
		{6716DF73-E4DE-41F0-A6E1-7A5E63132459}.Debug|x64.ActiveCfg = Debug|x64
		{6716DF73-E4DE-41F0-A6E1-7A5E63132459}.Debug|x64.Build.0 = Debug|x64
		{6716DF73-E4DE-41F0-A6E1-7A5E63132459}.Debug|x86.ActiveCfg = Debug|Win32
		{6716DF73-E4DE-41F0-A6E1-7A5E63132459}.Debug|x86.Build.0 = Debug|Win32
		{6716DF73-E4DE-41F0-A6E1-7A5E63132459}.Release|x64.ActiveCfg = Release|x64
		{6716DF73-E4DE-41F0-A6E1-7A5E63132459}.Release|x64.Build.0 = Release|x64
		{6716DF73-E4DE-41F0-A6E1-7A5E63132459}.Release|x86.ActiveCfg = Release|Win32
		{6716DF73-E4DE-41F0-A6E1-7A5E63132459}.Release|x86.Build.0 = Release|Win32
		{D258AB44-4B1A-49FE-86B4-388ADDB0512C}.Debug|x64.ActiveCfg = Debug|x64
		{D258AB44-4B1A-49FE-86B4-388ADDB0512C}.Debug|x64.Build.0 = Debug|x64
		{D258AB44-4B1A-49FE-86B4-388ADDB0512C}.Debug|x86.ActiveCfg = Debug|Win32
		{D258AB44-4B1A-49FE-86B4-388ADDB0512C}.Debug|x86.Build.0 = Debug|Win32
		{D258AB44-4B1A-49FE-86B4-388ADDB0512C}.Release|x64.ActiveCfg = Release|x64
		{D258AB44-4B1A-49FE-86B4-388ADDB0512C}.Release|x64.Build.0 = Release|x64
		{D258AB44-4B1A-49FE-86B4-388ADDB0512C}.Release|x86.ActiveCfg = Release|Win32
		{D258AB44-4B1A-49FE-86B4-388ADDB0512C}.Release|x86.Build.0 = Release|Win32
	EndGlobalSection
	GlobalSection(SolutionProperties) = preSolution
		HideSolutionNode = FALSE
	EndGlobalSection
	GlobalSection(ExtensibilityGlobals) = postSolution
		SolutionGuid = {FFE85B7A-6E8A-4DC9-B92C-0164D9183071}
	EndGlobalSection
EndGlobal
