
Microsoft Visual Studio Solution File, Format Version 12.00
# Visual Studio Version 16
VisualStudioVersion = 16.0.30804.86
MinimumVisualStudioVersion = 10.0.40219.1
Project("{8BC9CEB8-8B4A-11D0-8D11-00A0C91BC942}") = "CH9", "CH9\CH9.vcxproj", "{2C5E87F8-57A4-405E-93D6-F869E9220E92}"
EndProject
Project("{8BC9CEB8-8B4A-11D0-8D11-00A0C91BC942}") = "CH9_2", "CH9_2\CH9_2.vcxproj", "{40F60307-1826-40E0-B5C8-BEA758A4A30A}"
EndProject
Project("{8BC9CEB8-8B4A-11D0-8D11-00A0C91BC942}") = "CH9_3", "CH9_3\CH9_3.vcxproj", "{8DF43E56-C063-46EB-BE16-9D10E473E31E}"
EndProject
Project("{8BC9CEB8-8B4A-11D0-8D11-00A0C91BC942}") = "CH9_4", "CH9_4\CH9_4.vcxproj", "{C95CB3AE-5D62-440C-81BE-F1C0071B21E8}"
EndProject
Project("{8BC9CEB8-8B4A-11D0-8D11-00A0C91BC942}") = "CH9_5", "CH9_5\CH9_5.vcxproj", "{FFAF6AC8-C256-4BF0-8E1C-190BF6E83657}"
EndProject
Project("{8BC9CEB8-8B4A-11D0-8D11-00A0C91BC942}") = "CH9_6", "CH9_6\CH9_6.vcxproj", "{02592872-7A57-40F6-B28F-E6A7DC3DFAA9}"
EndProject
Project("{8BC9CEB8-8B4A-11D0-8D11-00A0C91BC942}") = "CH9_7", "CH9_7\CH9_7.vcxproj", "{2F25E774-50F4-4097-A408-DA6C5B4424F6}"
EndProject
Project("{8BC9CEB8-8B4A-11D0-8D11-00A0C91BC942}") = "CH9_8", "CH9_8\CH9_8.vcxproj", "{5C7DAE5C-A887-4C39-9F7F-B7489BF22F44}"
EndProject
Project("{8BC9CEB8-8B4A-11D0-8D11-00A0C91BC942}") = "CH9_9", "CH9_9\CH9_9.vcxproj", "{6C7C74B7-4029-4682-BB95-0CDF68468691}"
EndProject
Project("{8BC9CEB8-8B4A-11D0-8D11-00A0C91BC942}") = "CH9_10", "CH9_10\CH9_10.vcxproj", "{89613113-E0C9-4852-A8E1-B041874F9C45}"
EndProject
Project("{8BC9CEB8-8B4A-11D0-8D11-00A0C91BC942}") = "CH9_11", "CH9_11\CH9_11.vcxproj", "{E5BC84DF-41D3-491C-B196-9E8F5921A53F}"
EndProject
Project("{8BC9CEB8-8B4A-11D0-8D11-00A0C91BC942}") = "CH9_12", "CH9_12\CH9_12.vcxproj", "{89B96C81-BE78-41BC-A921-EF1D4EE270B9}"
EndProject
Global
	GlobalSection(SolutionConfigurationPlatforms) = preSolution
		Debug|x64 = Debug|x64
		Debug|x86 = Debug|x86
		Release|x64 = Release|x64
		Release|x86 = Release|x86
	EndGlobalSection
	GlobalSection(ProjectConfigurationPlatforms) = postSolution
		{2C5E87F8-57A4-405E-93D6-F869E9220E92}.Debug|x64.ActiveCfg = Debug|x64
		{2C5E87F8-57A4-405E-93D6-F869E9220E92}.Debug|x64.Build.0 = Debug|x64
		{2C5E87F8-57A4-405E-93D6-F869E9220E92}.Debug|x86.ActiveCfg = Debug|Win32
		{2C5E87F8-57A4-405E-93D6-F869E9220E92}.Debug|x86.Build.0 = Debug|Win32
		{2C5E87F8-57A4-405E-93D6-F869E9220E92}.Release|x64.ActiveCfg = Release|x64
		{2C5E87F8-57A4-405E-93D6-F869E9220E92}.Release|x64.Build.0 = Release|x64
		{2C5E87F8-57A4-405E-93D6-F869E9220E92}.Release|x86.ActiveCfg = Release|Win32
		{2C5E87F8-57A4-405E-93D6-F869E9220E92}.Release|x86.Build.0 = Release|Win32
		{40F60307-1826-40E0-B5C8-BEA758A4A30A}.Debug|x64.ActiveCfg = Debug|x64
		{40F60307-1826-40E0-B5C8-BEA758A4A30A}.Debug|x64.Build.0 = Debug|x64
		{40F60307-1826-40E0-B5C8-BEA758A4A30A}.Debug|x86.ActiveCfg = Debug|Win32
		{40F60307-1826-40E0-B5C8-BEA758A4A30A}.Debug|x86.Build.0 = Debug|Win32
		{40F60307-1826-40E0-B5C8-BEA758A4A30A}.Release|x64.ActiveCfg = Release|x64
		{40F60307-1826-40E0-B5C8-BEA758A4A30A}.Release|x64.Build.0 = Release|x64
		{40F60307-1826-40E0-B5C8-BEA758A4A30A}.Release|x86.ActiveCfg = Release|Win32
		{40F60307-1826-40E0-B5C8-BEA758A4A30A}.Release|x86.Build.0 = Release|Win32
		{8DF43E56-C063-46EB-BE16-9D10E473E31E}.Debug|x64.ActiveCfg = Debug|x64
		{8DF43E56-C063-46EB-BE16-9D10E473E31E}.Debug|x64.Build.0 = Debug|x64
		{8DF43E56-C063-46EB-BE16-9D10E473E31E}.Debug|x86.ActiveCfg = Debug|Win32
		{8DF43E56-C063-46EB-BE16-9D10E473E31E}.Debug|x86.Build.0 = Debug|Win32
		{8DF43E56-C063-46EB-BE16-9D10E473E31E}.Release|x64.ActiveCfg = Release|x64
		{8DF43E56-C063-46EB-BE16-9D10E473E31E}.Release|x64.Build.0 = Release|x64
		{8DF43E56-C063-46EB-BE16-9D10E473E31E}.Release|x86.ActiveCfg = Release|Win32
		{8DF43E56-C063-46EB-BE16-9D10E473E31E}.Release|x86.Build.0 = Release|Win32
		{C95CB3AE-5D62-440C-81BE-F1C0071B21E8}.Debug|x64.ActiveCfg = Debug|x64
		{C95CB3AE-5D62-440C-81BE-F1C0071B21E8}.Debug|x64.Build.0 = Debug|x64
		{C95CB3AE-5D62-440C-81BE-F1C0071B21E8}.Debug|x86.ActiveCfg = Debug|Win32
		{C95CB3AE-5D62-440C-81BE-F1C0071B21E8}.Debug|x86.Build.0 = Debug|Win32
		{C95CB3AE-5D62-440C-81BE-F1C0071B21E8}.Release|x64.ActiveCfg = Release|x64
		{C95CB3AE-5D62-440C-81BE-F1C0071B21E8}.Release|x64.Build.0 = Release|x64
		{C95CB3AE-5D62-440C-81BE-F1C0071B21E8}.Release|x86.ActiveCfg = Release|Win32
		{C95CB3AE-5D62-440C-81BE-F1C0071B21E8}.Release|x86.Build.0 = Release|Win32
		{FFAF6AC8-C256-4BF0-8E1C-190BF6E83657}.Debug|x64.ActiveCfg = Debug|x64
		{FFAF6AC8-C256-4BF0-8E1C-190BF6E83657}.Debug|x64.Build.0 = Debug|x64
		{FFAF6AC8-C256-4BF0-8E1C-190BF6E83657}.Debug|x86.ActiveCfg = Debug|Win32
		{FFAF6AC8-C256-4BF0-8E1C-190BF6E83657}.Debug|x86.Build.0 = Debug|Win32
		{FFAF6AC8-C256-4BF0-8E1C-190BF6E83657}.Release|x64.ActiveCfg = Release|x64
		{FFAF6AC8-C256-4BF0-8E1C-190BF6E83657}.Release|x64.Build.0 = Release|x64
		{FFAF6AC8-C256-4BF0-8E1C-190BF6E83657}.Release|x86.ActiveCfg = Release|Win32
		{FFAF6AC8-C256-4BF0-8E1C-190BF6E83657}.Release|x86.Build.0 = Release|Win32
		{02592872-7A57-40F6-B28F-E6A7DC3DFAA9}.Debug|x64.ActiveCfg = Debug|x64
		{02592872-7A57-40F6-B28F-E6A7DC3DFAA9}.Debug|x64.Build.0 = Debug|x64
		{02592872-7A57-40F6-B28F-E6A7DC3DFAA9}.Debug|x86.ActiveCfg = Debug|Win32
		{02592872-7A57-40F6-B28F-E6A7DC3DFAA9}.Debug|x86.Build.0 = Debug|Win32
		{02592872-7A57-40F6-B28F-E6A7DC3DFAA9}.Release|x64.ActiveCfg = Release|x64
		{02592872-7A57-40F6-B28F-E6A7DC3DFAA9}.Release|x64.Build.0 = Release|x64
		{02592872-7A57-40F6-B28F-E6A7DC3DFAA9}.Release|x86.ActiveCfg = Release|Win32
		{02592872-7A57-40F6-B28F-E6A7DC3DFAA9}.Release|x86.Build.0 = Release|Win32
		{2F25E774-50F4-4097-A408-DA6C5B4424F6}.Debug|x64.ActiveCfg = Debug|x64
		{2F25E774-50F4-4097-A408-DA6C5B4424F6}.Debug|x64.Build.0 = Debug|x64
		{2F25E774-50F4-4097-A408-DA6C5B4424F6}.Debug|x86.ActiveCfg = Debug|Win32
		{2F25E774-50F4-4097-A408-DA6C5B4424F6}.Debug|x86.Build.0 = Debug|Win32
		{2F25E774-50F4-4097-A408-DA6C5B4424F6}.Release|x64.ActiveCfg = Release|x64
		{2F25E774-50F4-4097-A408-DA6C5B4424F6}.Release|x64.Build.0 = Release|x64
		{2F25E774-50F4-4097-A408-DA6C5B4424F6}.Release|x86.ActiveCfg = Release|Win32
		{2F25E774-50F4-4097-A408-DA6C5B4424F6}.Release|x86.Build.0 = Release|Win32
		{5C7DAE5C-A887-4C39-9F7F-B7489BF22F44}.Debug|x64.ActiveCfg = Debug|x64
		{5C7DAE5C-A887-4C39-9F7F-B7489BF22F44}.Debug|x64.Build.0 = Debug|x64
		{5C7DAE5C-A887-4C39-9F7F-B7489BF22F44}.Debug|x86.ActiveCfg = Debug|Win32
		{5C7DAE5C-A887-4C39-9F7F-B7489BF22F44}.Debug|x86.Build.0 = Debug|Win32
		{5C7DAE5C-A887-4C39-9F7F-B7489BF22F44}.Release|x64.ActiveCfg = Release|x64
		{5C7DAE5C-A887-4C39-9F7F-B7489BF22F44}.Release|x64.Build.0 = Release|x64
		{5C7DAE5C-A887-4C39-9F7F-B7489BF22F44}.Release|x86.ActiveCfg = Release|Win32
		{5C7DAE5C-A887-4C39-9F7F-B7489BF22F44}.Release|x86.Build.0 = Release|Win32
		{6C7C74B7-4029-4682-BB95-0CDF68468691}.Debug|x64.ActiveCfg = Debug|x64
		{6C7C74B7-4029-4682-BB95-0CDF68468691}.Debug|x64.Build.0 = Debug|x64
		{6C7C74B7-4029-4682-BB95-0CDF68468691}.Debug|x86.ActiveCfg = Debug|Win32
		{6C7C74B7-4029-4682-BB95-0CDF68468691}.Debug|x86.Build.0 = Debug|Win32
		{6C7C74B7-4029-4682-BB95-0CDF68468691}.Release|x64.ActiveCfg = Release|x64
		{6C7C74B7-4029-4682-BB95-0CDF68468691}.Release|x64.Build.0 = Release|x64
		{6C7C74B7-4029-4682-BB95-0CDF68468691}.Release|x86.ActiveCfg = Release|Win32
		{6C7C74B7-4029-4682-BB95-0CDF68468691}.Release|x86.Build.0 = Release|Win32
		{89613113-E0C9-4852-A8E1-B041874F9C45}.Debug|x64.ActiveCfg = Debug|x64
		{89613113-E0C9-4852-A8E1-B041874F9C45}.Debug|x64.Build.0 = Debug|x64
		{89613113-E0C9-4852-A8E1-B041874F9C45}.Debug|x86.ActiveCfg = Debug|Win32
		{89613113-E0C9-4852-A8E1-B041874F9C45}.Debug|x86.Build.0 = Debug|Win32
		{89613113-E0C9-4852-A8E1-B041874F9C45}.Release|x64.ActiveCfg = Release|x64
		{89613113-E0C9-4852-A8E1-B041874F9C45}.Release|x64.Build.0 = Release|x64
		{89613113-E0C9-4852-A8E1-B041874F9C45}.Release|x86.ActiveCfg = Release|Win32
		{89613113-E0C9-4852-A8E1-B041874F9C45}.Release|x86.Build.0 = Release|Win32
		{E5BC84DF-41D3-491C-B196-9E8F5921A53F}.Debug|x64.ActiveCfg = Debug|x64
		{E5BC84DF-41D3-491C-B196-9E8F5921A53F}.Debug|x64.Build.0 = Debug|x64
		{E5BC84DF-41D3-491C-B196-9E8F5921A53F}.Debug|x86.ActiveCfg = Debug|Win32
		{E5BC84DF-41D3-491C-B196-9E8F5921A53F}.Debug|x86.Build.0 = Debug|Win32
		{E5BC84DF-41D3-491C-B196-9E8F5921A53F}.Release|x64.ActiveCfg = Release|x64
		{E5BC84DF-41D3-491C-B196-9E8F5921A53F}.Release|x64.Build.0 = Release|x64
		{E5BC84DF-41D3-491C-B196-9E8F5921A53F}.Release|x86.ActiveCfg = Release|Win32
		{E5BC84DF-41D3-491C-B196-9E8F5921A53F}.Release|x86.Build.0 = Release|Win32
		{89B96C81-BE78-41BC-A921-EF1D4EE270B9}.Debug|x64.ActiveCfg = Debug|x64
		{89B96C81-BE78-41BC-A921-EF1D4EE270B9}.Debug|x64.Build.0 = Debug|x64
		{89B96C81-BE78-41BC-A921-EF1D4EE270B9}.Debug|x86.ActiveCfg = Debug|Win32
		{89B96C81-BE78-41BC-A921-EF1D4EE270B9}.Debug|x86.Build.0 = Debug|Win32
		{89B96C81-BE78-41BC-A921-EF1D4EE270B9}.Release|x64.ActiveCfg = Release|x64
		{89B96C81-BE78-41BC-A921-EF1D4EE270B9}.Release|x64.Build.0 = Release|x64
		{89B96C81-BE78-41BC-A921-EF1D4EE270B9}.Release|x86.ActiveCfg = Release|Win32
		{89B96C81-BE78-41BC-A921-EF1D4EE270B9}.Release|x86.Build.0 = Release|Win32
	EndGlobalSection
	GlobalSection(SolutionProperties) = preSolution
		HideSolutionNode = FALSE
	EndGlobalSection
	GlobalSection(ExtensibilityGlobals) = postSolution
		SolutionGuid = {A0929B9E-61EA-41D5-A8B6-D0B6A5B31116}
	EndGlobalSection
EndGlobal
