
Microsoft Visual Studio Solution File, Format Version 12.00
# Visual Studio Version 16
VisualStudioVersion = 16.0.30804.86
MinimumVisualStudioVersion = 10.0.40219.1
Project("{8BC9CEB8-8B4A-11D0-8D11-00A0C91BC942}") = "CH6_1to2", "CH6_1to2\CH6_1to2.vcxproj", "{3EE7D673-FB43-4D88-8340-5665553B9D9F}"
EndProject
Project("{8BC9CEB8-8B4A-11D0-8D11-00A0C91BC942}") = "CH6_3", "..\CH6_3\CH6_3.vcxproj", "{BD20A1BC-83DB-4787-84B1-92A719AA1DAE}"
EndProject
Project("{8BC9CEB8-8B4A-11D0-8D11-00A0C91BC942}") = "CH6_4", "..\CH6_4\CH6_4.vcxproj", "{6B9CE8BB-7F9E-4A7A-B7BC-AC0AFBF7C2AD}"
EndProject
Project("{8BC9CEB8-8B4A-11D0-8D11-00A0C91BC942}") = "CH6_5", "..\CH6_5\CH6_5.vcxproj", "{18AA4EFF-03C5-43D0-9C0D-54046A61631F}"
EndProject
Project("{8BC9CEB8-8B4A-11D0-8D11-00A0C91BC942}") = "CH6_6", "..\CH6_6\CH6_6.vcxproj", "{1045011A-9310-4494-9CE6-962F10817320}"
EndProject
Project("{8BC9CEB8-8B4A-11D0-8D11-00A0C91BC942}") = "CH6_7", "..\CH6_7\CH6_7.vcxproj", "{0311F244-0F4C-471C-8D14-7472D789B8CD}"
EndProject
Project("{8BC9CEB8-8B4A-11D0-8D11-00A0C91BC942}") = "CH6_8", "..\CH6_8\CH6_8.vcxproj", "{F442070E-DF26-4FE5-BD04-6CA197BD7126}"
EndProject
Project("{8BC9CEB8-8B4A-11D0-8D11-00A0C91BC942}") = "CH6_9", "..\CH6_9\CH6_9.vcxproj", "{13A584E1-8429-4C89-8D1B-E601D5DF9BBE}"
EndProject
Global
	GlobalSection(SolutionConfigurationPlatforms) = preSolution
		Debug|x64 = Debug|x64
		Debug|x86 = Debug|x86
		Release|x64 = Release|x64
		Release|x86 = Release|x86
	EndGlobalSection
	GlobalSection(ProjectConfigurationPlatforms) = postSolution
		{3EE7D673-FB43-4D88-8340-5665553B9D9F}.Debug|x64.ActiveCfg = Debug|x64
		{3EE7D673-FB43-4D88-8340-5665553B9D9F}.Debug|x64.Build.0 = Debug|x64
		{3EE7D673-FB43-4D88-8340-5665553B9D9F}.Debug|x86.ActiveCfg = Debug|Win32
		{3EE7D673-FB43-4D88-8340-5665553B9D9F}.Debug|x86.Build.0 = Debug|Win32
		{3EE7D673-FB43-4D88-8340-5665553B9D9F}.Release|x64.ActiveCfg = Release|x64
		{3EE7D673-FB43-4D88-8340-5665553B9D9F}.Release|x64.Build.0 = Release|x64
		{3EE7D673-FB43-4D88-8340-5665553B9D9F}.Release|x86.ActiveCfg = Release|Win32
		{3EE7D673-FB43-4D88-8340-5665553B9D9F}.Release|x86.Build.0 = Release|Win32
		{BD20A1BC-83DB-4787-84B1-92A719AA1DAE}.Debug|x64.ActiveCfg = Debug|x64
		{BD20A1BC-83DB-4787-84B1-92A719AA1DAE}.Debug|x64.Build.0 = Debug|x64
		{BD20A1BC-83DB-4787-84B1-92A719AA1DAE}.Debug|x86.ActiveCfg = Debug|Win32
		{BD20A1BC-83DB-4787-84B1-92A719AA1DAE}.Debug|x86.Build.0 = Debug|Win32
		{BD20A1BC-83DB-4787-84B1-92A719AA1DAE}.Release|x64.ActiveCfg = Release|x64
		{BD20A1BC-83DB-4787-84B1-92A719AA1DAE}.Release|x64.Build.0 = Release|x64
		{BD20A1BC-83DB-4787-84B1-92A719AA1DAE}.Release|x86.ActiveCfg = Release|Win32
		{BD20A1BC-83DB-4787-84B1-92A719AA1DAE}.Release|x86.Build.0 = Release|Win32
		{6B9CE8BB-7F9E-4A7A-B7BC-AC0AFBF7C2AD}.Debug|x64.ActiveCfg = Debug|x64
		{6B9CE8BB-7F9E-4A7A-B7BC-AC0AFBF7C2AD}.Debug|x64.Build.0 = Debug|x64
		{6B9CE8BB-7F9E-4A7A-B7BC-AC0AFBF7C2AD}.Debug|x86.ActiveCfg = Debug|Win32
		{6B9CE8BB-7F9E-4A7A-B7BC-AC0AFBF7C2AD}.Debug|x86.Build.0 = Debug|Win32
		{6B9CE8BB-7F9E-4A7A-B7BC-AC0AFBF7C2AD}.Release|x64.ActiveCfg = Release|x64
		{6B9CE8BB-7F9E-4A7A-B7BC-AC0AFBF7C2AD}.Release|x64.Build.0 = Release|x64
		{6B9CE8BB-7F9E-4A7A-B7BC-AC0AFBF7C2AD}.Release|x86.ActiveCfg = Release|Win32
		{6B9CE8BB-7F9E-4A7A-B7BC-AC0AFBF7C2AD}.Release|x86.Build.0 = Release|Win32
		{18AA4EFF-03C5-43D0-9C0D-54046A61631F}.Debug|x64.ActiveCfg = Debug|x64
		{18AA4EFF-03C5-43D0-9C0D-54046A61631F}.Debug|x64.Build.0 = Debug|x64
		{18AA4EFF-03C5-43D0-9C0D-54046A61631F}.Debug|x86.ActiveCfg = Debug|Win32
		{18AA4EFF-03C5-43D0-9C0D-54046A61631F}.Debug|x86.Build.0 = Debug|Win32
		{18AA4EFF-03C5-43D0-9C0D-54046A61631F}.Release|x64.ActiveCfg = Release|x64
		{18AA4EFF-03C5-43D0-9C0D-54046A61631F}.Release|x64.Build.0 = Release|x64
		{18AA4EFF-03C5-43D0-9C0D-54046A61631F}.Release|x86.ActiveCfg = Release|Win32
		{18AA4EFF-03C5-43D0-9C0D-54046A61631F}.Release|x86.Build.0 = Release|Win32
		{1045011A-9310-4494-9CE6-962F10817320}.Debug|x64.ActiveCfg = Debug|x64
		{1045011A-9310-4494-9CE6-962F10817320}.Debug|x64.Build.0 = Debug|x64
		{1045011A-9310-4494-9CE6-962F10817320}.Debug|x86.ActiveCfg = Debug|Win32
		{1045011A-9310-4494-9CE6-962F10817320}.Debug|x86.Build.0 = Debug|Win32
		{1045011A-9310-4494-9CE6-962F10817320}.Release|x64.ActiveCfg = Release|x64
		{1045011A-9310-4494-9CE6-962F10817320}.Release|x64.Build.0 = Release|x64
		{1045011A-9310-4494-9CE6-962F10817320}.Release|x86.ActiveCfg = Release|Win32
		{1045011A-9310-4494-9CE6-962F10817320}.Release|x86.Build.0 = Release|Win32
		{0311F244-0F4C-471C-8D14-7472D789B8CD}.Debug|x64.ActiveCfg = Debug|x64
		{0311F244-0F4C-471C-8D14-7472D789B8CD}.Debug|x64.Build.0 = Debug|x64
		{0311F244-0F4C-471C-8D14-7472D789B8CD}.Debug|x86.ActiveCfg = Debug|Win32
		{0311F244-0F4C-471C-8D14-7472D789B8CD}.Debug|x86.Build.0 = Debug|Win32
		{0311F244-0F4C-471C-8D14-7472D789B8CD}.Release|x64.ActiveCfg = Release|x64
		{0311F244-0F4C-471C-8D14-7472D789B8CD}.Release|x64.Build.0 = Release|x64
		{0311F244-0F4C-471C-8D14-7472D789B8CD}.Release|x86.ActiveCfg = Release|Win32
		{0311F244-0F4C-471C-8D14-7472D789B8CD}.Release|x86.Build.0 = Release|Win32
		{F442070E-DF26-4FE5-BD04-6CA197BD7126}.Debug|x64.ActiveCfg = Debug|x64
		{F442070E-DF26-4FE5-BD04-6CA197BD7126}.Debug|x64.Build.0 = Debug|x64
		{F442070E-DF26-4FE5-BD04-6CA197BD7126}.Debug|x86.ActiveCfg = Debug|Win32
		{F442070E-DF26-4FE5-BD04-6CA197BD7126}.Debug|x86.Build.0 = Debug|Win32
		{F442070E-DF26-4FE5-BD04-6CA197BD7126}.Release|x64.ActiveCfg = Release|x64
		{F442070E-DF26-4FE5-BD04-6CA197BD7126}.Release|x64.Build.0 = Release|x64
		{F442070E-DF26-4FE5-BD04-6CA197BD7126}.Release|x86.ActiveCfg = Release|Win32
		{F442070E-DF26-4FE5-BD04-6CA197BD7126}.Release|x86.Build.0 = Release|Win32
		{13A584E1-8429-4C89-8D1B-E601D5DF9BBE}.Debug|x64.ActiveCfg = Debug|x64
		{13A584E1-8429-4C89-8D1B-E601D5DF9BBE}.Debug|x64.Build.0 = Debug|x64
		{13A584E1-8429-4C89-8D1B-E601D5DF9BBE}.Debug|x86.ActiveCfg = Debug|Win32
		{13A584E1-8429-4C89-8D1B-E601D5DF9BBE}.Debug|x86.Build.0 = Debug|Win32
		{13A584E1-8429-4C89-8D1B-E601D5DF9BBE}.Release|x64.ActiveCfg = Release|x64
		{13A584E1-8429-4C89-8D1B-E601D5DF9BBE}.Release|x64.Build.0 = Release|x64
		{13A584E1-8429-4C89-8D1B-E601D5DF9BBE}.Release|x86.ActiveCfg = Release|Win32
		{13A584E1-8429-4C89-8D1B-E601D5DF9BBE}.Release|x86.Build.0 = Release|Win32
	EndGlobalSection
	GlobalSection(SolutionProperties) = preSolution
		HideSolutionNode = FALSE
	EndGlobalSection
	GlobalSection(ExtensibilityGlobals) = postSolution
		SolutionGuid = {4DDB69D2-C0F0-4FEE-AC20-212F5E2332C2}
	EndGlobalSection
EndGlobal
