
Microsoft Visual Studio Solution File, Format Version 12.00
# Visual Studio Version 16
VisualStudioVersion = 16.0.30804.86
MinimumVisualStudioVersion = 10.0.40219.1
Project("{8BC9CEB8-8B4A-11D0-8D11-00A0C91BC942}") = "CH6_1to2", "CH6_1to2\CH6_1to2.vcxproj", "{3EE7D673-FB43-4D88-8340-5665553B9D9F}"
EndProject
Project("{8BC9CEB8-8B4A-11D0-8D11-00A0C91BC942}") = "CH6_3", "..\CH6_3\CH6_3.vcxproj", "{BD20A1BC-83DB-4787-84B1-92A719AA1DAE}"
EndProject
Project("{8BC9CEB8-8B4A-11D0-8D11-00A0C91BC942}") = "CH6_4", "..\CH6_4\CH6_4.vcxproj", "{6B9CE8BB-7F9E-4A7A-B7BC-AC0AFBF7C2AD}"
EndProject
Project("{8BC9CEB8-8B4A-11D0-8D11-00A0C91BC942}") = "CH6_5", "..\CH6_5\CH6_5.vcxproj", "{18AA4EFF-03C5-43D0-9C0D-54046A61631F}"
EndProject
Project("{8BC9CEB8-8B4A-11D0-8D11-00A0C91BC942}") = "CH6_6", "..\CH6_6\CH6_6.vcxproj", "{1045011A-9310-4494-9CE6-962F10817320}"
EndProject
Project("{8BC9CEB8-8B4A-11D0-8D11-00A0C91BC942}") = "CH6_7", "..\CH6_7\CH6_7.vcxproj", "{0311F244-0F4C-471C-8D14-7472D789B8CD}"
EndProject
Project("{8BC9CEB8-8B4A-11D0-8D11-00A0C91BC942}") = "CH6_7a", "..\CH6_7a\CH6_7a.vcxproj", "{F442070E-DF26-4FE5-BD04-6CA197BD7126}"
EndProject
Project("{8BC9CEB8-8B4A-11D0-8D11-00A0C91BC942}") = "CH6_8", "..\CH6_8\CH6_8.vcxproj", "{AC4A81A7-C757-4E0E-ACBE-C8F3AB1F6A28}"
EndProject
Project("{8BC9CEB8-8B4A-11D0-8D11-00A0C91BC942}") = "CH6_9", "..\CH6_9\CH6_9.vcxproj", "{9D44A895-81D8-447B-B58B-2824BDAA91C2}"
EndProject
Project("{8BC9CEB8-8B4A-11D0-8D11-00A0C91BC942}") = "CH6_10", "..\CH6_10\CH6_10.vcxproj", "{0AC4C207-C8DF-47E8-B9F7-3FD529529146}"
EndProject
Project("{8BC9CEB8-8B4A-11D0-8D11-00A0C91BC942}") = "CH6_11", "..\CH6_11\CH6_11.vcxproj", "{88F8F1EE-D93A-4FFD-BD28-68AAB9C7A9ED}"
EndProject
Project("{8BC9CEB8-8B4A-11D0-8D11-00A0C91BC942}") = "CH6_12", "..\CH6_12\CH6_12.vcxproj", "{141D3510-B790-4134-87DF-63275CA5C321}"
EndProject
Project("{8BC9CEB8-8B4A-11D0-8D11-00A0C91BC942}") = "CH6_13", "..\CH6_13\CH6_13.vcxproj", "{EB90573F-01BA-4D65-9D02-E230A76EBB8C}"
EndProject
Project("{8BC9CEB8-8B4A-11D0-8D11-00A0C91BC942}") = "CH6_14", "..\CH6_14\CH6_14.vcxproj", "{8536D783-F2D5-4860-9DE2-0D72DB1C377B}"
EndProject
Project("{8BC9CEB8-8B4A-11D0-8D11-00A0C91BC942}") = "CH6_15", "..\CH6_15\CH6_15.vcxproj", "{E5F6249D-317E-468B-A9EE-E7A9F8AA402B}"
EndProject
Project("{8BC9CEB8-8B4A-11D0-8D11-00A0C91BC942}") = "CH6_16", "..\CH6_16\CH6_16.vcxproj", "{DC91CC5C-DBDD-4541-ADCB-460E2CC8B271}"
EndProject
Project("{8BC9CEB8-8B4A-11D0-8D11-00A0C91BC942}") = "CH6_17", "..\CH6_17\CH6_17.vcxproj", "{05ADDE55-4FF8-4AEF-BC94-82A93E1F5904}"
EndProject
Project("{8BC9CEB8-8B4A-11D0-8D11-00A0C91BC942}") = "CH6_18", "..\CH6_18\CH6_18.vcxproj", "{3859280A-4821-488C-9DC0-920C37D1DB8B}"
EndProject
Project("{8BC9CEB8-8B4A-11D0-8D11-00A0C91BC942}") = "CH6_19", "..\CH6_19\CH6_19.vcxproj", "{3F237FCD-F1D6-481E-98C7-36EBCEBD0C66}"
EndProject
Global
	GlobalSection(SolutionConfigurationPlatforms) = preSolution
		Debug|x64 = Debug|x64
		Debug|x86 = Debug|x86
		Release|x64 = Release|x64
		Release|x86 = Release|x86
	EndGlobalSection
	GlobalSection(ProjectConfigurationPlatforms) = postSolution
		{3EE7D673-FB43-4D88-8340-5665553B9D9F}.Debug|x64.ActiveCfg = Debug|x64
		{3EE7D673-FB43-4D88-8340-5665553B9D9F}.Debug|x64.Build.0 = Debug|x64
		{3EE7D673-FB43-4D88-8340-5665553B9D9F}.Debug|x86.ActiveCfg = Debug|Win32
		{3EE7D673-FB43-4D88-8340-5665553B9D9F}.Debug|x86.Build.0 = Debug|Win32
		{3EE7D673-FB43-4D88-8340-5665553B9D9F}.Release|x64.ActiveCfg = Release|x64
		{3EE7D673-FB43-4D88-8340-5665553B9D9F}.Release|x64.Build.0 = Release|x64
		{3EE7D673-FB43-4D88-8340-5665553B9D9F}.Release|x86.ActiveCfg = Release|Win32
		{3EE7D673-FB43-4D88-8340-5665553B9D9F}.Release|x86.Build.0 = Release|Win32
		{BD20A1BC-83DB-4787-84B1-92A719AA1DAE}.Debug|x64.ActiveCfg = Debug|x64
		{BD20A1BC-83DB-4787-84B1-92A719AA1DAE}.Debug|x64.Build.0 = Debug|x64
		{BD20A1BC-83DB-4787-84B1-92A719AA1DAE}.Debug|x86.ActiveCfg = Debug|Win32
		{BD20A1BC-83DB-4787-84B1-92A719AA1DAE}.Debug|x86.Build.0 = Debug|Win32
		{BD20A1BC-83DB-4787-84B1-92A719AA1DAE}.Release|x64.ActiveCfg = Release|x64
		{BD20A1BC-83DB-4787-84B1-92A719AA1DAE}.Release|x64.Build.0 = Release|x64
		{BD20A1BC-83DB-4787-84B1-92A719AA1DAE}.Release|x86.ActiveCfg = Release|Win32
		{BD20A1BC-83DB-4787-84B1-92A719AA1DAE}.Release|x86.Build.0 = Release|Win32
		{6B9CE8BB-7F9E-4A7A-B7BC-AC0AFBF7C2AD}.Debug|x64.ActiveCfg = Debug|x64
		{6B9CE8BB-7F9E-4A7A-B7BC-AC0AFBF7C2AD}.Debug|x64.Build.0 = Debug|x64
		{6B9CE8BB-7F9E-4A7A-B7BC-AC0AFBF7C2AD}.Debug|x86.ActiveCfg = Debug|Win32
		{6B9CE8BB-7F9E-4A7A-B7BC-AC0AFBF7C2AD}.Debug|x86.Build.0 = Debug|Win32
		{6B9CE8BB-7F9E-4A7A-B7BC-AC0AFBF7C2AD}.Release|x64.ActiveCfg = Release|x64
		{6B9CE8BB-7F9E-4A7A-B7BC-AC0AFBF7C2AD}.Release|x64.Build.0 = Release|x64
		{6B9CE8BB-7F9E-4A7A-B7BC-AC0AFBF7C2AD}.Release|x86.ActiveCfg = Release|Win32
		{6B9CE8BB-7F9E-4A7A-B7BC-AC0AFBF7C2AD}.Release|x86.Build.0 = Release|Win32
		{18AA4EFF-03C5-43D0-9C0D-54046A61631F}.Debug|x64.ActiveCfg = Debug|x64
		{18AA4EFF-03C5-43D0-9C0D-54046A61631F}.Debug|x64.Build.0 = Debug|x64
		{18AA4EFF-03C5-43D0-9C0D-54046A61631F}.Debug|x86.ActiveCfg = Debug|Win32
		{18AA4EFF-03C5-43D0-9C0D-54046A61631F}.Debug|x86.Build.0 = Debug|Win32
		{18AA4EFF-03C5-43D0-9C0D-54046A61631F}.Release|x64.ActiveCfg = Release|x64
		{18AA4EFF-03C5-43D0-9C0D-54046A61631F}.Release|x64.Build.0 = Release|x64
		{18AA4EFF-03C5-43D0-9C0D-54046A61631F}.Release|x86.ActiveCfg = Release|Win32
		{18AA4EFF-03C5-43D0-9C0D-54046A61631F}.Release|x86.Build.0 = Release|Win32
		{1045011A-9310-4494-9CE6-962F10817320}.Debug|x64.ActiveCfg = Debug|x64
		{1045011A-9310-4494-9CE6-962F10817320}.Debug|x64.Build.0 = Debug|x64
		{1045011A-9310-4494-9CE6-962F10817320}.Debug|x86.ActiveCfg = Debug|Win32
		{1045011A-9310-4494-9CE6-962F10817320}.Debug|x86.Build.0 = Debug|Win32
		{1045011A-9310-4494-9CE6-962F10817320}.Release|x64.ActiveCfg = Release|x64
		{1045011A-9310-4494-9CE6-962F10817320}.Release|x64.Build.0 = Release|x64
		{1045011A-9310-4494-9CE6-962F10817320}.Release|x86.ActiveCfg = Release|Win32
		{1045011A-9310-4494-9CE6-962F10817320}.Release|x86.Build.0 = Release|Win32
		{0311F244-0F4C-471C-8D14-7472D789B8CD}.Debug|x64.ActiveCfg = Debug|x64
		{0311F244-0F4C-471C-8D14-7472D789B8CD}.Debug|x64.Build.0 = Debug|x64
		{0311F244-0F4C-471C-8D14-7472D789B8CD}.Debug|x86.ActiveCfg = Debug|Win32
		{0311F244-0F4C-471C-8D14-7472D789B8CD}.Debug|x86.Build.0 = Debug|Win32
		{0311F244-0F4C-471C-8D14-7472D789B8CD}.Release|x64.ActiveCfg = Release|x64
		{0311F244-0F4C-471C-8D14-7472D789B8CD}.Release|x64.Build.0 = Release|x64
		{0311F244-0F4C-471C-8D14-7472D789B8CD}.Release|x86.ActiveCfg = Release|Win32
		{0311F244-0F4C-471C-8D14-7472D789B8CD}.Release|x86.Build.0 = Release|Win32
		{F442070E-DF26-4FE5-BD04-6CA197BD7126}.Debug|x64.ActiveCfg = Debug|x64
		{F442070E-DF26-4FE5-BD04-6CA197BD7126}.Debug|x64.Build.0 = Debug|x64
		{F442070E-DF26-4FE5-BD04-6CA197BD7126}.Debug|x86.ActiveCfg = Debug|Win32
		{F442070E-DF26-4FE5-BD04-6CA197BD7126}.Debug|x86.Build.0 = Debug|Win32
		{F442070E-DF26-4FE5-BD04-6CA197BD7126}.Release|x64.ActiveCfg = Release|x64
		{F442070E-DF26-4FE5-BD04-6CA197BD7126}.Release|x64.Build.0 = Release|x64
		{F442070E-DF26-4FE5-BD04-6CA197BD7126}.Release|x86.ActiveCfg = Release|Win32
		{F442070E-DF26-4FE5-BD04-6CA197BD7126}.Release|x86.Build.0 = Release|Win32
		{AC4A81A7-C757-4E0E-ACBE-C8F3AB1F6A28}.Debug|x64.ActiveCfg = Debug|x64
		{AC4A81A7-C757-4E0E-ACBE-C8F3AB1F6A28}.Debug|x64.Build.0 = Debug|x64
		{AC4A81A7-C757-4E0E-ACBE-C8F3AB1F6A28}.Debug|x86.ActiveCfg = Debug|Win32
		{AC4A81A7-C757-4E0E-ACBE-C8F3AB1F6A28}.Debug|x86.Build.0 = Debug|Win32
		{AC4A81A7-C757-4E0E-ACBE-C8F3AB1F6A28}.Release|x64.ActiveCfg = Release|x64
		{AC4A81A7-C757-4E0E-ACBE-C8F3AB1F6A28}.Release|x64.Build.0 = Release|x64
		{AC4A81A7-C757-4E0E-ACBE-C8F3AB1F6A28}.Release|x86.ActiveCfg = Release|Win32
		{AC4A81A7-C757-4E0E-ACBE-C8F3AB1F6A28}.Release|x86.Build.0 = Release|Win32
		{9D44A895-81D8-447B-B58B-2824BDAA91C2}.Debug|x64.ActiveCfg = Debug|x64
		{9D44A895-81D8-447B-B58B-2824BDAA91C2}.Debug|x64.Build.0 = Debug|x64
		{9D44A895-81D8-447B-B58B-2824BDAA91C2}.Debug|x86.ActiveCfg = Debug|Win32
		{9D44A895-81D8-447B-B58B-2824BDAA91C2}.Debug|x86.Build.0 = Debug|Win32
		{9D44A895-81D8-447B-B58B-2824BDAA91C2}.Release|x64.ActiveCfg = Release|x64
		{9D44A895-81D8-447B-B58B-2824BDAA91C2}.Release|x64.Build.0 = Release|x64
		{9D44A895-81D8-447B-B58B-2824BDAA91C2}.Release|x86.ActiveCfg = Release|Win32
		{9D44A895-81D8-447B-B58B-2824BDAA91C2}.Release|x86.Build.0 = Release|Win32
		{0AC4C207-C8DF-47E8-B9F7-3FD529529146}.Debug|x64.ActiveCfg = Debug|x64
		{0AC4C207-C8DF-47E8-B9F7-3FD529529146}.Debug|x64.Build.0 = Debug|x64
		{0AC4C207-C8DF-47E8-B9F7-3FD529529146}.Debug|x86.ActiveCfg = Debug|Win32
		{0AC4C207-C8DF-47E8-B9F7-3FD529529146}.Debug|x86.Build.0 = Debug|Win32
		{0AC4C207-C8DF-47E8-B9F7-3FD529529146}.Release|x64.ActiveCfg = Release|x64
		{0AC4C207-C8DF-47E8-B9F7-3FD529529146}.Release|x64.Build.0 = Release|x64
		{0AC4C207-C8DF-47E8-B9F7-3FD529529146}.Release|x86.ActiveCfg = Release|Win32
		{0AC4C207-C8DF-47E8-B9F7-3FD529529146}.Release|x86.Build.0 = Release|Win32
		{88F8F1EE-D93A-4FFD-BD28-68AAB9C7A9ED}.Debug|x64.ActiveCfg = Debug|x64
		{88F8F1EE-D93A-4FFD-BD28-68AAB9C7A9ED}.Debug|x64.Build.0 = Debug|x64
		{88F8F1EE-D93A-4FFD-BD28-68AAB9C7A9ED}.Debug|x86.ActiveCfg = Debug|Win32
		{88F8F1EE-D93A-4FFD-BD28-68AAB9C7A9ED}.Debug|x86.Build.0 = Debug|Win32
		{88F8F1EE-D93A-4FFD-BD28-68AAB9C7A9ED}.Release|x64.ActiveCfg = Release|x64
		{88F8F1EE-D93A-4FFD-BD28-68AAB9C7A9ED}.Release|x64.Build.0 = Release|x64
		{88F8F1EE-D93A-4FFD-BD28-68AAB9C7A9ED}.Release|x86.ActiveCfg = Release|Win32
		{88F8F1EE-D93A-4FFD-BD28-68AAB9C7A9ED}.Release|x86.Build.0 = Release|Win32
		{141D3510-B790-4134-87DF-63275CA5C321}.Debug|x64.ActiveCfg = Debug|x64
		{141D3510-B790-4134-87DF-63275CA5C321}.Debug|x64.Build.0 = Debug|x64
		{141D3510-B790-4134-87DF-63275CA5C321}.Debug|x86.ActiveCfg = Debug|Win32
		{141D3510-B790-4134-87DF-63275CA5C321}.Debug|x86.Build.0 = Debug|Win32
		{141D3510-B790-4134-87DF-63275CA5C321}.Release|x64.ActiveCfg = Release|x64
		{141D3510-B790-4134-87DF-63275CA5C321}.Release|x64.Build.0 = Release|x64
		{141D3510-B790-4134-87DF-63275CA5C321}.Release|x86.ActiveCfg = Release|Win32
		{141D3510-B790-4134-87DF-63275CA5C321}.Release|x86.Build.0 = Release|Win32
		{EB90573F-01BA-4D65-9D02-E230A76EBB8C}.Debug|x64.ActiveCfg = Debug|x64
		{EB90573F-01BA-4D65-9D02-E230A76EBB8C}.Debug|x64.Build.0 = Debug|x64
		{EB90573F-01BA-4D65-9D02-E230A76EBB8C}.Debug|x86.ActiveCfg = Debug|Win32
		{EB90573F-01BA-4D65-9D02-E230A76EBB8C}.Debug|x86.Build.0 = Debug|Win32
		{EB90573F-01BA-4D65-9D02-E230A76EBB8C}.Release|x64.ActiveCfg = Release|x64
		{EB90573F-01BA-4D65-9D02-E230A76EBB8C}.Release|x64.Build.0 = Release|x64
		{EB90573F-01BA-4D65-9D02-E230A76EBB8C}.Release|x86.ActiveCfg = Release|Win32
		{EB90573F-01BA-4D65-9D02-E230A76EBB8C}.Release|x86.Build.0 = Release|Win32
		{8536D783-F2D5-4860-9DE2-0D72DB1C377B}.Debug|x64.ActiveCfg = Debug|x64
		{8536D783-F2D5-4860-9DE2-0D72DB1C377B}.Debug|x64.Build.0 = Debug|x64
		{8536D783-F2D5-4860-9DE2-0D72DB1C377B}.Debug|x86.ActiveCfg = Debug|Win32
		{8536D783-F2D5-4860-9DE2-0D72DB1C377B}.Debug|x86.Build.0 = Debug|Win32
		{8536D783-F2D5-4860-9DE2-0D72DB1C377B}.Release|x64.ActiveCfg = Release|x64
		{8536D783-F2D5-4860-9DE2-0D72DB1C377B}.Release|x64.Build.0 = Release|x64
		{8536D783-F2D5-4860-9DE2-0D72DB1C377B}.Release|x86.ActiveCfg = Release|Win32
		{8536D783-F2D5-4860-9DE2-0D72DB1C377B}.Release|x86.Build.0 = Release|Win32
		{E5F6249D-317E-468B-A9EE-E7A9F8AA402B}.Debug|x64.ActiveCfg = Debug|x64
		{E5F6249D-317E-468B-A9EE-E7A9F8AA402B}.Debug|x64.Build.0 = Debug|x64
		{E5F6249D-317E-468B-A9EE-E7A9F8AA402B}.Debug|x86.ActiveCfg = Debug|Win32
		{E5F6249D-317E-468B-A9EE-E7A9F8AA402B}.Debug|x86.Build.0 = Debug|Win32
		{E5F6249D-317E-468B-A9EE-E7A9F8AA402B}.Release|x64.ActiveCfg = Release|x64
		{E5F6249D-317E-468B-A9EE-E7A9F8AA402B}.Release|x64.Build.0 = Release|x64
		{E5F6249D-317E-468B-A9EE-E7A9F8AA402B}.Release|x86.ActiveCfg = Release|Win32
		{E5F6249D-317E-468B-A9EE-E7A9F8AA402B}.Release|x86.Build.0 = Release|Win32
		{DC91CC5C-DBDD-4541-ADCB-460E2CC8B271}.Debug|x64.ActiveCfg = Debug|x64
		{DC91CC5C-DBDD-4541-ADCB-460E2CC8B271}.Debug|x64.Build.0 = Debug|x64
		{DC91CC5C-DBDD-4541-ADCB-460E2CC8B271}.Debug|x86.ActiveCfg = Debug|Win32
		{DC91CC5C-DBDD-4541-ADCB-460E2CC8B271}.Debug|x86.Build.0 = Debug|Win32
		{DC91CC5C-DBDD-4541-ADCB-460E2CC8B271}.Release|x64.ActiveCfg = Release|x64
		{DC91CC5C-DBDD-4541-ADCB-460E2CC8B271}.Release|x64.Build.0 = Release|x64
		{DC91CC5C-DBDD-4541-ADCB-460E2CC8B271}.Release|x86.ActiveCfg = Release|Win32
		{DC91CC5C-DBDD-4541-ADCB-460E2CC8B271}.Release|x86.Build.0 = Release|Win32
		{05ADDE55-4FF8-4AEF-BC94-82A93E1F5904}.Debug|x64.ActiveCfg = Debug|x64
		{05ADDE55-4FF8-4AEF-BC94-82A93E1F5904}.Debug|x64.Build.0 = Debug|x64
		{05ADDE55-4FF8-4AEF-BC94-82A93E1F5904}.Debug|x86.ActiveCfg = Debug|Win32
		{05ADDE55-4FF8-4AEF-BC94-82A93E1F5904}.Debug|x86.Build.0 = Debug|Win32
		{05ADDE55-4FF8-4AEF-BC94-82A93E1F5904}.Release|x64.ActiveCfg = Release|x64
		{05ADDE55-4FF8-4AEF-BC94-82A93E1F5904}.Release|x64.Build.0 = Release|x64
		{05ADDE55-4FF8-4AEF-BC94-82A93E1F5904}.Release|x86.ActiveCfg = Release|Win32
		{05ADDE55-4FF8-4AEF-BC94-82A93E1F5904}.Release|x86.Build.0 = Release|Win32
		{3859280A-4821-488C-9DC0-920C37D1DB8B}.Debug|x64.ActiveCfg = Debug|x64
		{3859280A-4821-488C-9DC0-920C37D1DB8B}.Debug|x64.Build.0 = Debug|x64
		{3859280A-4821-488C-9DC0-920C37D1DB8B}.Debug|x86.ActiveCfg = Debug|Win32
		{3859280A-4821-488C-9DC0-920C37D1DB8B}.Debug|x86.Build.0 = Debug|Win32
		{3859280A-4821-488C-9DC0-920C37D1DB8B}.Release|x64.ActiveCfg = Release|x64
		{3859280A-4821-488C-9DC0-920C37D1DB8B}.Release|x64.Build.0 = Release|x64
		{3859280A-4821-488C-9DC0-920C37D1DB8B}.Release|x86.ActiveCfg = Release|Win32
		{3859280A-4821-488C-9DC0-920C37D1DB8B}.Release|x86.Build.0 = Release|Win32
		{3F237FCD-F1D6-481E-98C7-36EBCEBD0C66}.Debug|x64.ActiveCfg = Debug|x64
		{3F237FCD-F1D6-481E-98C7-36EBCEBD0C66}.Debug|x64.Build.0 = Debug|x64
		{3F237FCD-F1D6-481E-98C7-36EBCEBD0C66}.Debug|x86.ActiveCfg = Debug|Win32
		{3F237FCD-F1D6-481E-98C7-36EBCEBD0C66}.Debug|x86.Build.0 = Debug|Win32
		{3F237FCD-F1D6-481E-98C7-36EBCEBD0C66}.Release|x64.ActiveCfg = Release|x64
		{3F237FCD-F1D6-481E-98C7-36EBCEBD0C66}.Release|x64.Build.0 = Release|x64
		{3F237FCD-F1D6-481E-98C7-36EBCEBD0C66}.Release|x86.ActiveCfg = Release|Win32
		{3F237FCD-F1D6-481E-98C7-36EBCEBD0C66}.Release|x86.Build.0 = Release|Win32
	EndGlobalSection
	GlobalSection(SolutionProperties) = preSolution
		HideSolutionNode = FALSE
	EndGlobalSection
	GlobalSection(ExtensibilityGlobals) = postSolution
		SolutionGuid = {4DDB69D2-C0F0-4FEE-AC20-212F5E2332C2}
	EndGlobalSection
EndGlobal
